
Microsoft Visual Studio Solution File, Format Version 12.00
# Visual Studio 14
VisualStudioVersion = 14.0.24720.0
MinimumVisualStudioVersion = 10.0.40219.1
Project("{FAE04EC0-301F-11D3-BF4B-00C04F79EFBC}") = "WebServiceLab", "WebServiceLab\WebServiceLab.csproj", "{EAC440D1-5A27-4D56-81D8-ED7384CC5AA8}"
EndProject
Project("{FAE04EC0-301F-11D3-BF4B-00C04F79EFBC}") = "WSClientConsole", "WSClientConsole\WSClientConsole.csproj", "{2658B0EF-B06C-4E69-B890-CBF42C24E7B3}"
EndProject
Project("{FAE04EC0-301F-11D3-BF4B-00C04F79EFBC}") = "HotelMVVM", "HotelMVVM\HotelMVVM.csproj", "{4B2C39D9-325E-4E8D-A86A-26A91807063A}"
EndProject
Global
	GlobalSection(SolutionConfigurationPlatforms) = preSolution
		Debug|Any CPU = Debug|Any CPU
		Debug|ARM = Debug|ARM
		Debug|x64 = Debug|x64
		Debug|x86 = Debug|x86
		Release|Any CPU = Release|Any CPU
		Release|ARM = Release|ARM
		Release|x64 = Release|x64
		Release|x86 = Release|x86
	EndGlobalSection
	GlobalSection(ProjectConfigurationPlatforms) = postSolution
		{EAC440D1-5A27-4D56-81D8-ED7384CC5AA8}.Debug|Any CPU.ActiveCfg = Debug|Any CPU
		{EAC440D1-5A27-4D56-81D8-ED7384CC5AA8}.Debug|Any CPU.Build.0 = Debug|Any CPU
		{EAC440D1-5A27-4D56-81D8-ED7384CC5AA8}.Debug|ARM.ActiveCfg = Debug|Any CPU
		{EAC440D1-5A27-4D56-81D8-ED7384CC5AA8}.Debug|ARM.Build.0 = Debug|Any CPU
		{EAC440D1-5A27-4D56-81D8-ED7384CC5AA8}.Debug|x64.ActiveCfg = Debug|Any CPU
		{EAC440D1-5A27-4D56-81D8-ED7384CC5AA8}.Debug|x64.Build.0 = Debug|Any CPU
		{EAC440D1-5A27-4D56-81D8-ED7384CC5AA8}.Debug|x86.ActiveCfg = Debug|Any CPU
		{EAC440D1-5A27-4D56-81D8-ED7384CC5AA8}.Debug|x86.Build.0 = Debug|Any CPU
		{EAC440D1-5A27-4D56-81D8-ED7384CC5AA8}.Release|Any CPU.ActiveCfg = Release|Any CPU
		{EAC440D1-5A27-4D56-81D8-ED7384CC5AA8}.Release|Any CPU.Build.0 = Release|Any CPU
		{EAC440D1-5A27-4D56-81D8-ED7384CC5AA8}.Release|ARM.ActiveCfg = Release|Any CPU
		{EAC440D1-5A27-4D56-81D8-ED7384CC5AA8}.Release|ARM.Build.0 = Release|Any CPU
		{EAC440D1-5A27-4D56-81D8-ED7384CC5AA8}.Release|x64.ActiveCfg = Release|Any CPU
		{EAC440D1-5A27-4D56-81D8-ED7384CC5AA8}.Release|x64.Build.0 = Release|Any CPU
		{EAC440D1-5A27-4D56-81D8-ED7384CC5AA8}.Release|x86.ActiveCfg = Release|Any CPU
		{EAC440D1-5A27-4D56-81D8-ED7384CC5AA8}.Release|x86.Build.0 = Release|Any CPU
		{2658B0EF-B06C-4E69-B890-CBF42C24E7B3}.Debug|Any CPU.ActiveCfg = Debug|Any CPU
		{2658B0EF-B06C-4E69-B890-CBF42C24E7B3}.Debug|Any CPU.Build.0 = Debug|Any CPU
		{2658B0EF-B06C-4E69-B890-CBF42C24E7B3}.Debug|ARM.ActiveCfg = Debug|Any CPU
		{2658B0EF-B06C-4E69-B890-CBF42C24E7B3}.Debug|ARM.Build.0 = Debug|Any CPU
		{2658B0EF-B06C-4E69-B890-CBF42C24E7B3}.Debug|x64.ActiveCfg = Debug|Any CPU
		{2658B0EF-B06C-4E69-B890-CBF42C24E7B3}.Debug|x64.Build.0 = Debug|Any CPU
		{2658B0EF-B06C-4E69-B890-CBF42C24E7B3}.Debug|x86.ActiveCfg = Debug|Any CPU
		{2658B0EF-B06C-4E69-B890-CBF42C24E7B3}.Debug|x86.Build.0 = Debug|Any CPU
		{2658B0EF-B06C-4E69-B890-CBF42C24E7B3}.Release|Any CPU.ActiveCfg = Release|Any CPU
		{2658B0EF-B06C-4E69-B890-CBF42C24E7B3}.Release|Any CPU.Build.0 = Release|Any CPU
		{2658B0EF-B06C-4E69-B890-CBF42C24E7B3}.Release|ARM.ActiveCfg = Release|Any CPU
		{2658B0EF-B06C-4E69-B890-CBF42C24E7B3}.Release|ARM.Build.0 = Release|Any CPU
		{2658B0EF-B06C-4E69-B890-CBF42C24E7B3}.Release|x64.ActiveCfg = Release|Any CPU
		{2658B0EF-B06C-4E69-B890-CBF42C24E7B3}.Release|x64.Build.0 = Release|Any CPU
		{2658B0EF-B06C-4E69-B890-CBF42C24E7B3}.Release|x86.ActiveCfg = Release|Any CPU
		{2658B0EF-B06C-4E69-B890-CBF42C24E7B3}.Release|x86.Build.0 = Release|Any CPU
		{4B2C39D9-325E-4E8D-A86A-26A91807063A}.Debug|Any CPU.ActiveCfg = Debug|x86
		{4B2C39D9-325E-4E8D-A86A-26A91807063A}.Debug|ARM.ActiveCfg = Debug|ARM
		{4B2C39D9-325E-4E8D-A86A-26A91807063A}.Debug|ARM.Build.0 = Debug|ARM
		{4B2C39D9-325E-4E8D-A86A-26A91807063A}.Debug|ARM.Deploy.0 = Debug|ARM
		{4B2C39D9-325E-4E8D-A86A-26A91807063A}.Debug|x64.ActiveCfg = Debug|x64
		{4B2C39D9-325E-4E8D-A86A-26A91807063A}.Debug|x64.Build.0 = Debug|x64
		{4B2C39D9-325E-4E8D-A86A-26A91807063A}.Debug|x64.Deploy.0 = Debug|x64
		{4B2C39D9-325E-4E8D-A86A-26A91807063A}.Debug|x86.ActiveCfg = Debug|x86
		{4B2C39D9-325E-4E8D-A86A-26A91807063A}.Debug|x86.Build.0 = Debug|x86
		{4B2C39D9-325E-4E8D-A86A-26A91807063A}.Debug|x86.Deploy.0 = Debug|x86
		{4B2C39D9-325E-4E8D-A86A-26A91807063A}.Release|Any CPU.ActiveCfg = Release|x86
		{4B2C39D9-325E-4E8D-A86A-26A91807063A}.Release|ARM.ActiveCfg = Release|ARM
		{4B2C39D9-325E-4E8D-A86A-26A91807063A}.Release|ARM.Build.0 = Release|ARM
		{4B2C39D9-325E-4E8D-A86A-26A91807063A}.Release|ARM.Deploy.0 = Release|ARM
		{4B2C39D9-325E-4E8D-A86A-26A91807063A}.Release|x64.ActiveCfg = Release|x64
		{4B2C39D9-325E-4E8D-A86A-26A91807063A}.Release|x64.Build.0 = Release|x64
		{4B2C39D9-325E-4E8D-A86A-26A91807063A}.Release|x64.Deploy.0 = Release|x64
		{4B2C39D9-325E-4E8D-A86A-26A91807063A}.Release|x86.ActiveCfg = Release|x86
		{4B2C39D9-325E-4E8D-A86A-26A91807063A}.Release|x86.Build.0 = Release|x86
		{4B2C39D9-325E-4E8D-A86A-26A91807063A}.Release|x86.Deploy.0 = Release|x86
	EndGlobalSection
	GlobalSection(SolutionProperties) = preSolution
		HideSolutionNode = FALSE
	EndGlobalSection
EndGlobal
